
Microsoft Visual Studio Solution File, Format Version 12.00
# Visual Studio Version 16
VisualStudioVersion = 16.0.31112.23
MinimumVisualStudioVersion = 10.0.40219.1
Project("{FAE04EC0-301F-11D3-BF4B-00C04F79EFBC}") = "MyMath", "MyMath\MyMath.csproj", "{B4CBAF32-7F09-4324-863D-AB7E58AB5F3B}"
EndProject
Project("{FAE04EC0-301F-11D3-BF4B-00C04F79EFBC}") = "MathTests", "MathTests\MathTests.csproj", "{BA99F40A-1183-40A8-B3AF-110642C8791C}"
EndProject
Global
	GlobalSection(SolutionConfigurationPlatforms) = preSolution
		Debug|Any CPU = Debug|Any CPU
		Release|Any CPU = Release|Any CPU
	EndGlobalSection
	GlobalSection(ProjectConfigurationPlatforms) = postSolution
		{B4CBAF32-7F09-4324-863D-AB7E58AB5F3B}.Debug|Any CPU.ActiveCfg = Debug|Any CPU
		{B4CBAF32-7F09-4324-863D-AB7E58AB5F3B}.Debug|Any CPU.Build.0 = Debug|Any CPU
		{B4CBAF32-7F09-4324-863D-AB7E58AB5F3B}.Release|Any CPU.ActiveCfg = Release|Any CPU
		{B4CBAF32-7F09-4324-863D-AB7E58AB5F3B}.Release|Any CPU.Build.0 = Release|Any CPU
		{BA99F40A-1183-40A8-B3AF-110642C8791C}.Debug|Any CPU.ActiveCfg = Debug|Any CPU
		{BA99F40A-1183-40A8-B3AF-110642C8791C}.Debug|Any CPU.Build.0 = Debug|Any CPU
		{BA99F40A-1183-40A8-B3AF-110642C8791C}.Release|Any CPU.ActiveCfg = Release|Any CPU
		{BA99F40A-1183-40A8-B3AF-110642C8791C}.Release|Any CPU.Build.0 = Release|Any CPU
	EndGlobalSection
	GlobalSection(SolutionProperties) = preSolution
		HideSolutionNode = FALSE
	EndGlobalSection
	GlobalSection(ExtensibilityGlobals) = postSolution
		SolutionGuid = {018571BB-20DE-4345-8B40-5F11C343A0C4}
	EndGlobalSection
EndGlobal
