
Microsoft Visual Studio Solution File, Format Version 12.00
# Visual Studio Version 16
VisualStudioVersion = 16.0.31515.178
MinimumVisualStudioVersion = 10.0.40219.1
Project("{FAE04EC0-301F-11D3-BF4B-00C04F79EFBC}") = "MvcWtihWebPackTest", "MvcWtihWebPackTest\MvcWtihWebPackTest.csproj", "{9D17C8B6-69E7-4221-B634-828AC53CE59B}"
EndProject
Global
	GlobalSection(SolutionConfigurationPlatforms) = preSolution
		Debug|Any CPU = Debug|Any CPU
		Release|Any CPU = Release|Any CPU
	EndGlobalSection
	GlobalSection(ProjectConfigurationPlatforms) = postSolution
		{9D17C8B6-69E7-4221-B634-828AC53CE59B}.Debug|Any CPU.ActiveCfg = Debug|Any CPU
		{9D17C8B6-69E7-4221-B634-828AC53CE59B}.Debug|Any CPU.Build.0 = Debug|Any CPU
		{9D17C8B6-69E7-4221-B634-828AC53CE59B}.Release|Any CPU.ActiveCfg = Release|Any CPU
		{9D17C8B6-69E7-4221-B634-828AC53CE59B}.Release|Any CPU.Build.0 = Release|Any CPU
	EndGlobalSection
	GlobalSection(SolutionProperties) = preSolution
		HideSolutionNode = FALSE
	EndGlobalSection
	GlobalSection(ExtensibilityGlobals) = postSolution
		SolutionGuid = {ED32C482-1315-4E7B-8FE5-D86665B4E8D5}
	EndGlobalSection
EndGlobal
